
Microsoft Visual Studio Solution File, Format Version 12.00
# Visual Studio 15
VisualStudioVersion = 15.0.27004.2010
MinimumVisualStudioVersion = 10.0.40219.1
Project("{FAE04EC0-301F-11D3-BF4B-00C04F79EFBC}") = "APITaskManagement.Logic", "APITaskManagement.Logic\APITaskManagement.Logic.csproj", "{86F87F12-357C-4B7F-8190-D7E875F532F7}"
EndProject
Project("{FAE04EC0-301F-11D3-BF4B-00C04F79EFBC}") = "APITaskManagement.Web", "APITaskManagement.Web\APITaskManagement.Web.csproj", "{FD9747C1-A7BF-4970-8B3B-59AB4551A6A3}"
EndProject
Project("{FAE04EC0-301F-11D3-BF4B-00C04F79EFBC}") = "APITaskManagement.Web.Tests", "APITaskManagement.Web.Tests\APITaskManagement.Web.Tests.csproj", "{6E3F9448-D795-428B-9853-A639B9B67EA6}"
EndProject
Project("{FAE04EC0-301F-11D3-BF4B-00C04F79EFBC}") = "APITaskManagement.Test", "APITaskManagement.Test\APITaskManagement.Test.csproj", "{8DB6FB3F-D154-4A1B-8B29-EE44C400B8AE}"
EndProject
Project("{FAE04EC0-301F-11D3-BF4B-00C04F79EFBC}") = "APITaskManagement.Service", "APITaskManagement.Service\APITaskManagement.Service.csproj", "{CA866197-C47C-406C-B6AE-C38C5BAD6329}"
EndProject
Project("{54435603-DBB4-11D2-8724-00A0C9A8B90C}") = "APITaskManagementServiceSetup", "APITaskManagementServiceSetup\APITaskManagementServiceSetup.vdproj", "{46DAA52D-5A5A-4DEB-9335-BDB96C40813E}"
EndProject
Project("{FAE04EC0-301F-11D3-BF4B-00C04F79EFBC}") = "APITaskMonitor", "APITaskMonitor\APITaskMonitor.csproj", "{C5404F44-802B-422F-8C66-DE0BDE15B4D0}"
EndProject
Global
	GlobalSection(SolutionConfigurationPlatforms) = preSolution
		Debug|Any CPU = Debug|Any CPU
		Release|Any CPU = Release|Any CPU
	EndGlobalSection
	GlobalSection(ProjectConfigurationPlatforms) = postSolution
		{86F87F12-357C-4B7F-8190-D7E875F532F7}.Debug|Any CPU.ActiveCfg = Debug|Any CPU
		{86F87F12-357C-4B7F-8190-D7E875F532F7}.Debug|Any CPU.Build.0 = Debug|Any CPU
		{86F87F12-357C-4B7F-8190-D7E875F532F7}.Release|Any CPU.ActiveCfg = Release|Any CPU
		{86F87F12-357C-4B7F-8190-D7E875F532F7}.Release|Any CPU.Build.0 = Release|Any CPU
		{FD9747C1-A7BF-4970-8B3B-59AB4551A6A3}.Debug|Any CPU.ActiveCfg = Debug|Any CPU
		{FD9747C1-A7BF-4970-8B3B-59AB4551A6A3}.Debug|Any CPU.Build.0 = Debug|Any CPU
		{FD9747C1-A7BF-4970-8B3B-59AB4551A6A3}.Release|Any CPU.ActiveCfg = Release|Any CPU
		{FD9747C1-A7BF-4970-8B3B-59AB4551A6A3}.Release|Any CPU.Build.0 = Release|Any CPU
		{6E3F9448-D795-428B-9853-A639B9B67EA6}.Debug|Any CPU.ActiveCfg = Debug|Any CPU
		{6E3F9448-D795-428B-9853-A639B9B67EA6}.Debug|Any CPU.Build.0 = Debug|Any CPU
		{6E3F9448-D795-428B-9853-A639B9B67EA6}.Release|Any CPU.ActiveCfg = Release|Any CPU
		{6E3F9448-D795-428B-9853-A639B9B67EA6}.Release|Any CPU.Build.0 = Release|Any CPU
		{8DB6FB3F-D154-4A1B-8B29-EE44C400B8AE}.Debug|Any CPU.ActiveCfg = Debug|Any CPU
		{8DB6FB3F-D154-4A1B-8B29-EE44C400B8AE}.Debug|Any CPU.Build.0 = Debug|Any CPU
		{8DB6FB3F-D154-4A1B-8B29-EE44C400B8AE}.Release|Any CPU.ActiveCfg = Release|Any CPU
		{8DB6FB3F-D154-4A1B-8B29-EE44C400B8AE}.Release|Any CPU.Build.0 = Release|Any CPU
		{CA866197-C47C-406C-B6AE-C38C5BAD6329}.Debug|Any CPU.ActiveCfg = Debug|Any CPU
		{CA866197-C47C-406C-B6AE-C38C5BAD6329}.Debug|Any CPU.Build.0 = Debug|Any CPU
		{CA866197-C47C-406C-B6AE-C38C5BAD6329}.Release|Any CPU.ActiveCfg = Release|Any CPU
		{CA866197-C47C-406C-B6AE-C38C5BAD6329}.Release|Any CPU.Build.0 = Release|Any CPU
		{46DAA52D-5A5A-4DEB-9335-BDB96C40813E}.Debug|Any CPU.ActiveCfg = Release
		{46DAA52D-5A5A-4DEB-9335-BDB96C40813E}.Debug|Any CPU.Build.0 = Release
		{46DAA52D-5A5A-4DEB-9335-BDB96C40813E}.Release|Any CPU.ActiveCfg = Release
		{C5404F44-802B-422F-8C66-DE0BDE15B4D0}.Debug|Any CPU.ActiveCfg = Debug|Any CPU
		{C5404F44-802B-422F-8C66-DE0BDE15B4D0}.Debug|Any CPU.Build.0 = Debug|Any CPU
		{C5404F44-802B-422F-8C66-DE0BDE15B4D0}.Release|Any CPU.ActiveCfg = Release|Any CPU
		{C5404F44-802B-422F-8C66-DE0BDE15B4D0}.Release|Any CPU.Build.0 = Release|Any CPU
	EndGlobalSection
	GlobalSection(SolutionProperties) = preSolution
		HideSolutionNode = FALSE
	EndGlobalSection
	GlobalSection(ExtensibilityGlobals) = postSolution
		SolutionGuid = {DD1D3956-2F30-4177-B723-5E686E638EE3}
	EndGlobalSection
EndGlobal
